// !$*UTF8*$!
{
	archiveVersion = 1;
	classes = {
	};
	objectVersion = 46;
	objects = {

/* Begin PBXBuildFile section */
		1DE13DA31F0F6E0300DA9E55 /* AppDelegate.swift in Sources */ = {isa = PBXBuildFile; fileRef = 1DE13DA21F0F6E0300DA9E55 /* AppDelegate.swift */; };
		1DE13DA51F0F6E0300DA9E55 /* ViewController.swift in Sources */ = {isa = PBXBuildFile; fileRef = 1DE13DA41F0F6E0300DA9E55 /* ViewController.swift */; };
		1DE13DA81F0F6E0300DA9E55 /* Main.storyboard in Resources */ = {isa = PBXBuildFile; fileRef = 1DE13DA61F0F6E0300DA9E55 /* Main.storyboard */; };
		1DE13DAA1F0F6E0400DA9E55 /* Assets.xcassets in Resources */ = {isa = PBXBuildFile; fileRef = 1DE13DA91F0F6E0400DA9E55 /* Assets.xcassets */; };
		1DE13DAD1F0F6E0400DA9E55 /* LaunchScreen.storyboard in Resources */ = {isa = PBXBuildFile; fileRef = 1DE13DAB1F0F6E0400DA9E55 /* LaunchScreen.storyboard */; };
		1DE13DB51F0F730C00DA9E55 /* UIColor+Extension.swift in Sources */ = {isa = PBXBuildFile; fileRef = 1DE13DB41F0F730C00DA9E55 /* UIColor+Extension.swift */; };
		1DFE78921F14642F00FC52EC /* ADFlowLayout.swift in Sources */ = {isa = PBXBuildFile; fileRef = 1DFE78911F14642F00FC52EC /* ADFlowLayout.swift */; };
/* End PBXBuildFile section */

/* Begin PBXFileReference section */
		1DE13D9F1F0F6E0300DA9E55 /* 瀑布流布局.app */ = {isa = PBXFileReference; explicitFileType = wrapper.application; includeInIndex = 0; path = "瀑布流布局.app"; sourceTree = BUILT_PRODUCTS_DIR; };
		1DE13DA21F0F6E0300DA9E55 /* AppDelegate.swift */ = {isa = PBXFileReference; lastKnownFileType = sourcecode.swift; path = AppDelegate.swift; sourceTree = "<group>"; };
		1DE13DA41F0F6E0300DA9E55 /* ViewController.swift */ = {isa = PBXFileReference; lastKnownFileType = sourcecode.swift; path = ViewController.swift; sourceTree = "<group>"; };
		1DE13DA71F0F6E0300DA9E55 /* Base */ = {isa = PBXFileReference; lastKnownFileType = file.storyboard; name = Base; path = Base.lproj/Main.storyboard; sourceTree = "<group>"; };
		1DE13DA91F0F6E0400DA9E55 /* Assets.xcassets */ = {isa = PBXFileReference; lastKnownFileType = folder.assetcatalog; path = Assets.xcassets; sourceTree = "<group>"; };
		1DE13DAC1F0F6E0400DA9E55 /* Base */ = {isa = PBXFileReference; lastKnownFileType = file.storyboard; name = Base; path = Base.lproj/LaunchScreen.storyboard; sourceTree = "<group>"; };
		1DE13DAE1F0F6E0400DA9E55 /* Info.plist */ = {isa = PBXFileReference; lastKnownFileType = text.plist.xml; path = Info.plist; sourceTree = "<group>"; };
		1DE13DB41F0F730C00DA9E55 /* UIColor+Extension.swift */ = {isa = PBXFileReference; fileEncoding = 4; lastKnownFileType = sourcecode.swift; path = "UIColor+Extension.swift"; sourceTree = "<group>"; };
		1DFE78911F14642F00FC52EC /* ADFlowLayout.swift */ = {isa = PBXFileReference; fileEncoding = 4; lastKnownFileType = sourcecode.swift; path = ADFlowLayout.swift; sourceTree = "<group>"; };
/* End PBXFileReference section */

/* Begin PBXFrameworksBuildPhase section */
		1DE13D9C1F0F6E0300DA9E55 /* Frameworks */ = {
			isa = PBXFrameworksBuildPhase;
			buildActionMask = 2147483647;
			files = (
			);
			runOnlyForDeploymentPostprocessing = 0;
		};
/* End PBXFrameworksBuildPhase section */

/* Begin PBXGroup section */
		1DE13D961F0F6E0300DA9E55 = {
			isa = PBXGroup;
			children = (
				1DE13DA11F0F6E0300DA9E55 /* 瀑布流布局 */,
				1DE13DA01F0F6E0300DA9E55 /* Products */,
			);
			sourceTree = "<group>";
		};
		1DE13DA01F0F6E0300DA9E55 /* Products */ = {
			isa = PBXGroup;
			children = (
				1DE13D9F1F0F6E0300DA9E55 /* 瀑布流布局.app */,
			);
			name = Products;
			sourceTree = "<group>";
		};
		1DE13DA11F0F6E0300DA9E55 /* 瀑布流布局 */ = {
			isa = PBXGroup;
			children = (
				1DE13DA21F0F6E0300DA9E55 /* AppDelegate.swift */,
				1DE13DA41F0F6E0300DA9E55 /* ViewController.swift */,
				1DFE78911F14642F00FC52EC /* ADFlowLayout.swift */,
				1DE13DB41F0F730C00DA9E55 /* UIColor+Extension.swift */,
				1DE13DA61F0F6E0300DA9E55 /* Main.storyboard */,
				1DE13DA91F0F6E0400DA9E55 /* Assets.xcassets */,
				1DE13DAB1F0F6E0400DA9E55 /* LaunchScreen.storyboard */,
				1DE13DAE1F0F6E0400DA9E55 /* Info.plist */,
			);
			path = "瀑布流布局";
			sourceTree = "<group>";
		};
/* End PBXGroup section */

/* Begin PBXNativeTarget section */
		1DE13D9E1F0F6E0300DA9E55 /* 瀑布流布局 */ = {
			isa = PBXNativeTarget;
			buildConfigurationList = 1DE13DB11F0F6E0400DA9E55 /* Build configuration list for PBXNativeTarget "瀑布流布局" */;
			buildPhases = (
				1DE13D9B1F0F6E0300DA9E55 /* Sources */,
				1DE13D9C1F0F6E0300DA9E55 /* Frameworks */,
				1DE13D9D1F0F6E0300DA9E55 /* Resources */,
			);
			buildRules = (
			);
			dependencies = (
			);
			name = "瀑布流布局";
			productName = "瀑布流布局";
			productReference = 1DE13D9F1F0F6E0300DA9E55 /* 瀑布流布局.app */;
			productType = "com.apple.product-type.application";
		};
/* End PBXNativeTarget section */

/* Begin PBXProject section */
		1DE13D971F0F6E0300DA9E55 /* Project object */ = {
			isa = PBXProject;
			attributes = {
				LastSwiftUpdateCheck = 0820;
				LastUpgradeCheck = 0820;
				ORGANIZATIONNAME = "阿蛋";
				TargetAttributes = {
					1DE13D9E1F0F6E0300DA9E55 = {
						CreatedOnToolsVersion = 8.2.1;
						DevelopmentTeam = 4CK69395ZA;
						ProvisioningStyle = Automatic;
					};
				};
			};
			buildConfigurationList = 1DE13D9A1F0F6E0300DA9E55 /* Build configuration list for PBXProject "瀑布流布局" */;
			compatibilityVersion = "Xcode 3.2";
			developmentRegion = English;
			hasScannedForEncodings = 0;
			knownRegions = (
				en,
				Base,
			);
			mainGroup = 1DE13D961F0F6E0300DA9E55;
			productRefGroup = 1DE13DA01F0F6E0300DA9E55 /* Products */;
			projectDirPath = "";
			projectRoot = "";
			targets = (
				1DE13D9E1F0F6E0300DA9E55 /* 瀑布流布局 */,
			);
		};
/* End PBXProject section */

/* Begin PBXResourcesBuildPhase section */
		1DE13D9D1F0F6E0300DA9E55 /* Resources */ = {
			isa = PBXResourcesBuildPhase;
			buildActionMask = 2147483647;
			files = (
				1DE13DAD1F0F6E0400DA9E55 /* LaunchScreen.storyboard in Resources */,
				1DE13DAA1F0F6E0400DA9E55 /* Assets.xcassets in Resources */,
				1DE13DA81F0F6E0300DA9E55 /* Main.storyboard in Resources */,
			);
			runOnlyForDeploymentPostprocessing = 0;
		};
/* End PBXResourcesBuildPhase section */

/* Begin PBXSourcesBuildPhase section */
		1DE13D9B1F0F6E0300DA9E55 /* Sources */ = {
			isa = PBXSourcesBuildPhase;
			buildActionMask = 2147483647;
			files = (
				1DFE78921F14642F00FC52EC /* ADFlowLayout.swift in Sources */,
				1DE13DB51F0F730C00DA9E55 /* UIColor+Extension.swift in Sources */,
				1DE13DA51F0F6E0300DA9E55 /* ViewController.swift in Sources */,
				1DE13DA31F0F6E0300DA9E55 /* AppDelegate.swift in Sources */,
			);
			runOnlyForDeploymentPostprocessing = 0;
		};
/* End PBXSourcesBuildPhase section */

/* Begin PBXVariantGroup section */
		1DE13DA61F0F6E0300DA9E55 /* Main.storyboard */ = {
			isa = PBXVariantGroup;
			children = (
				1DE13DA71F0F6E0300DA9E55 /* Base */,
			);
			name = Main.storyboard;
			sourceTree = "<group>";
		};
		1DE13DAB1F0F6E0400DA9E55 /* LaunchScreen.storyboard */ = {
			isa = PBXVariantGroup;
			children = (
				1DE13DAC1F0F6E0400DA9E55 /* Base */,
			);
			name = LaunchScreen.storyboard;
			sourceTree = "<group>";
		};
/* End PBXVariantGroup section */

/* Begin XCBuildConfiguration section */
		1DE13DAF1F0F6E0400DA9E55 /* Debug */ = {
			isa = XCBuildConfiguration;
			buildSettings = {
				ALWAYS_SEARCH_USER_PATHS = NO;
				CLANG_ANALYZER_NONNULL = YES;
				CLANG_CXX_LANGUAGE_STANDARD = "gnu++0x";
				CLANG_CXX_LIBRARY = "libc++";
				CLANG_ENABLE_MODULES = YES;
				CLANG_ENABLE_OBJC_ARC = YES;
				CLANG_WARN_BOOL_CONVERSION = YES;
				CLANG_WARN_CONSTANT_CONVERSION = YES;
				CLANG_WARN_DIRECT_OBJC_ISA_USAGE = YES_ERROR;
				CLANG_WARN_DOCUMENTATION_COMMENTS = YES;
				CLANG_WARN_EMPTY_BODY = YES;
				CLANG_WARN_ENUM_CONVERSION = YES;
				CLANG_WARN_INFINITE_RECURSION = YES;
				CLANG_WARN_INT_CONVERSION = YES;
				CLANG_WARN_OBJC_ROOT_CLASS = YES_ERROR;
				CLANG_WARN_SUSPICIOUS_MOVE = YES;
				CLANG_WARN_UNREACHABLE_CODE = YES;
				CLANG_WARN__DUPLICATE_METHOD_MATCH = YES;
				"CODE_SIGN_IDENTITY[sdk=iphoneos*]" = "iPhone Developer";
				COPY_PHASE_STRIP = NO;
				DEBUG_INFORMATION_FORMAT = dwarf;
				ENABLE_STRICT_OBJC_MSGSEND = YES;
				ENABLE_TESTABILITY = YES;
				GCC_C_LANGUAGE_STANDARD = gnu99;
				GCC_DYNAMIC_NO_PIC = NO;
				GCC_NO_COMMON_BLOCKS = YES;
				GCC_OPTIMIZATION_LEVEL = 0;
				GCC_PREPROCESSOR_DEFINITIONS = (
					"DEBUG=1",
					"$(inherited)",
				);
				GCC_WARN_64_TO_32_BIT_CONVERSION = YES;
				GCC_WARN_ABOUT_RETURN_TYPE = YES_ERROR;
				GCC_WARN_UNDECLARED_SELECTOR = YES;
				GCC_WARN_UNINITIALIZED_AUTOS = YES_AGGRESSIVE;
				GCC_WARN_UNUSED_FUNCTION = YES;
				GCC_WARN_UNUSED_VARIABLE = YES;
				IPHONEOS_DEPLOYMENT_TARGET = 10.2;
				MTL_ENABLE_DEBUG_INFO = YES;
				ONLY_ACTIVE_ARCH = YES;
				SDKROOT = iphoneos;
				SWIFT_ACTIVE_COMPILATION_CONDITIONS = DEBUG;
				SWIFT_OPTIMIZATION_LEVEL = "-Onone";
			};
			name = Debug;
		};
		1DE13DB01F0F6E0400DA9E55 /* Release */ = {
			isa = XCBuildConfiguration;
			buildSettings = {
				ALWAYS_SEARCH_USER_PATHS = NO;
				CLANG_ANALYZER_NONNULL = YES;
				CLANG_CXX_LANGUAGE_STANDARD = "gnu++0x";
				CLANG_CXX_LIBRARY = "libc++";
				CLANG_ENABLE_MODULES = YES;
				CLANG_ENABLE_OBJC_ARC = YES;
				CLANG_WARN_BOOL_CONVERSION = YES;
				CLANG_WARN_CONSTANT_CONVERSION = YES;
				CLANG_WARN_DIRECT_OBJC_ISA_USAGE = YES_ERROR;
				CLANG_WARN_DOCUMENTATION_COMMENTS = YES;
				CLANG_WARN_EMPTY_BODY = YES;
				CLANG_WARN_ENUM_CONVERSION = YES;
				CLANG_WARN_INFINITE_RECURSION = YES;
				CLANG_WARN_INT_CONVERSION = YES;
				CLANG_WARN_OBJC_ROOT_CLASS = YES_ERROR;
				CLANG_WARN_SUSPICIOUS_MOVE = YES;
				CLANG_WARN_UNREACHABLE_CODE = YES;
				CLANG_WARN__DUPLICATE_METHOD_MATCH = YES;
				"CODE_SIGN_IDENTITY[sdk=iphoneos*]" = "iPhone Developer";
				COPY_PHASE_STRIP = NO;
				DEBUG_INFORMATION_FORMAT = "dwarf-with-dsym";
				ENABLE_NS_ASSERTIONS = NO;
				ENABLE_STRICT_OBJC_MSGSEND = YES;
				GCC_C_LANGUAGE_STANDARD = gnu99;
				GCC_NO_COMMON_BLOCKS = YES;
				GCC_WARN_64_TO_32_BIT_CONVERSION = YES;
				GCC_WARN_ABOUT_RETURN_TYPE = YES_ERROR;
				GCC_WARN_UNDECLARED_SELECTOR = YES;
				GCC_WARN_UNINITIALIZED_AUTOS = YES_AGGRESSIVE;
				GCC_WARN_UNUSED_FUNCTION = YES;
				GCC_WARN_UNUSED_VARIABLE = YES;
				IPHONEOS_DEPLOYMENT_TARGET = 10.2;
				MTL_ENABLE_DEBUG_INFO = NO;
				SDKROOT = iphoneos;
				SWIFT_OPTIMIZATION_LEVEL = "-Owholemodule";
				VALIDATE_PRODUCT = YES;
			};
			name = Release;
		};
		1DE13DB21F0F6E0400DA9E55 /* Debug */ = {
			isa = XCBuildConfiguration;
			buildSettings = {
				ASSETCATALOG_COMPILER_APPICON_NAME = AppIcon;
				DEVELOPMENT_TEAM = 4CK69395ZA;
				INFOPLIST_FILE = "瀑布流布局/Info.plist";
				IPHONEOS_DEPLOYMENT_TARGET = 9.0;
				LD_RUNPATH_SEARCH_PATHS = "$(inherited) @executable_path/Frameworks";
				PRODUCT_BUNDLE_IDENTIFIER = "com.adan.-----";
				PRODUCT_NAME = "$(TARGET_NAME)";
				SWIFT_VERSION = 3.0;
			};
			name = Debug;
		};
		1DE13DB31F0F6E0400DA9E55 /* Release */ = {
			isa = XCBuildConfiguration;
			buildSettings = {
				ASSETCATALOG_COMPILER_APPICON_NAME = AppIcon;
				DEVELOPMENT_TEAM = 4CK69395ZA;
				INFOPLIST_FILE = "瀑布流布局/Info.plist";
				IPHONEOS_DEPLOYMENT_TARGET = 9.0;
				LD_RUNPATH_SEARCH_PATHS = "$(inherited) @executable_path/Frameworks";
				PRODUCT_BUNDLE_IDENTIFIER = "com.adan.-----";
				PRODUCT_NAME = "$(TARGET_NAME)";
				SWIFT_VERSION = 3.0;
			};
			name = Release;
		};
/* End XCBuildConfiguration section */

/* Begin XCConfigurationList section */
		1DE13D9A1F0F6E0300DA9E55 /* Build configuration list for PBXProject "瀑布流布局" */ = {
			isa = XCConfigurationList;
			buildConfigurations = (
				1DE13DAF1F0F6E0400DA9E55 /* Debug */,
				1DE13DB01F0F6E0400DA9E55 /* Release */,
			);
			defaultConfigurationIsVisible = 0;
			defaultConfigurationName = Release;
		};
		1DE13DB11F0F6E0400DA9E55 /* Build configuration list for PBXNativeTarget "瀑布流布局" */ = {
			isa = XCConfigurationList;
			buildConfigurations = (
				1DE13DB21F0F6E0400DA9E55 /* Debug */,
				1DE13DB31F0F6E0400DA9E55 /* Release */,
			);
			defaultConfigurationIsVisible = 0;
			defaultConfigurationName = Release;
		};
/* End XCConfigurationList section */
	};
	rootObject = 1DE13D971F0F6E0300DA9E55 /* Project object */;
}
